
Microsoft Visual Studio Solution File, Format Version 12.00
# Visual Studio Version 16
VisualStudioVersion = 16.0.31019.35
MinimumVisualStudioVersion = 10.0.40219.1
Project("{FAE04EC0-301F-11D3-BF4B-00C04F79EFBC}") = "WPF-lab-2", "WPF-lab-2\WPF-lab-2.csproj", "{7F5AFB71-E456-427B-A56B-542CA6DF76CC}"
EndProject
Global
	GlobalSection(SolutionConfigurationPlatforms) = preSolution
		Debug|Any CPU = Debug|Any CPU
		Release|Any CPU = Release|Any CPU
	EndGlobalSection
	GlobalSection(ProjectConfigurationPlatforms) = postSolution
		{7F5AFB71-E456-427B-A56B-542CA6DF76CC}.Debug|Any CPU.ActiveCfg = Debug|Any CPU
		{7F5AFB71-E456-427B-A56B-542CA6DF76CC}.Debug|Any CPU.Build.0 = Debug|Any CPU
		{7F5AFB71-E456-427B-A56B-542CA6DF76CC}.Release|Any CPU.ActiveCfg = Release|Any CPU
		{7F5AFB71-E456-427B-A56B-542CA6DF76CC}.Release|Any CPU.Build.0 = Release|Any CPU
	EndGlobalSection
	GlobalSection(SolutionProperties) = preSolution
		HideSolutionNode = FALSE
	EndGlobalSection
	GlobalSection(ExtensibilityGlobals) = postSolution
		SolutionGuid = {E0C2D93B-4114-4B1C-9CE0-00203F79865D}
	EndGlobalSection
EndGlobal
